// !$*UTF8*$!
{
	archiveVersion = 1;
	classes = {
	};
	objectVersion = 46;
	objects = {

/* Begin PBXBuildFile section */
		2C6DB3731DBE8A5C00193E12 /* AppDelegate.swift in Sources */ = {isa = PBXBuildFile; fileRef = 2C6DB36A1DBE8A5C00193E12 /* AppDelegate.swift */; };
		2C6DB3741DBE8A5C00193E12 /* Assets.xcassets in Resources */ = {isa = PBXBuildFile; fileRef = 2C6DB36B1DBE8A5C00193E12 /* Assets.xcassets */; };
		2C6DB3751DBE8A5C00193E12 /* LaunchScreen.storyboard in Resources */ = {isa = PBXBuildFile; fileRef = 2C6DB36C1DBE8A5C00193E12 /* LaunchScreen.storyboard */; };
		2C6DB3761DBE8A5C00193E12 /* Main.storyboard in Resources */ = {isa = PBXBuildFile; fileRef = 2C6DB36E1DBE8A5C00193E12 /* Main.storyboard */; };
		2C6DB3771DBE8A5C00193E12 /* Info.plist in Resources */ = {isa = PBXBuildFile; fileRef = 2C6DB3701DBE8A5C00193E12 /* Info.plist */; };
		2C6DB3781DBE8A5C00193E12 /* OLNavigationBar.swift in Sources */ = {isa = PBXBuildFile; fileRef = 2C6DB3711DBE8A5C00193E12 /* OLNavigationBar.swift */; };
		2C6DB3791DBE8A5C00193E12 /* OLScrollingNavBar.swift in Sources */ = {isa = PBXBuildFile; fileRef = 2C6DB3721DBE8A5C00193E12 /* OLScrollingNavBar.swift */; };
		2C6DB37B1DBECC8C00193E12 /* OLNavigationController.swift in Sources */ = {isa = PBXBuildFile; fileRef = 2C6DB37A1DBECC8C00193E12 /* OLNavigationController.swift */; };
/* End PBXBuildFile section */

/* Begin PBXFileReference section */
		2C6DB36A1DBE8A5C00193E12 /* AppDelegate.swift */ = {isa = PBXFileReference; fileEncoding = 4; lastKnownFileType = sourcecode.swift; path = AppDelegate.swift; sourceTree = "<group>"; };
		2C6DB36B1DBE8A5C00193E12 /* Assets.xcassets */ = {isa = PBXFileReference; lastKnownFileType = folder.assetcatalog; path = Assets.xcassets; sourceTree = "<group>"; };
		2C6DB36D1DBE8A5C00193E12 /* Base */ = {isa = PBXFileReference; lastKnownFileType = file.storyboard; name = Base; path = Base.lproj/LaunchScreen.storyboard; sourceTree = "<group>"; };
		2C6DB36F1DBE8A5C00193E12 /* Base */ = {isa = PBXFileReference; lastKnownFileType = file.storyboard; name = Base; path = Base.lproj/Main.storyboard; sourceTree = "<group>"; };
		2C6DB3701DBE8A5C00193E12 /* Info.plist */ = {isa = PBXFileReference; fileEncoding = 4; lastKnownFileType = text.plist.xml; path = Info.plist; sourceTree = "<group>"; };
		2C6DB3711DBE8A5C00193E12 /* OLNavigationBar.swift */ = {isa = PBXFileReference; fileEncoding = 4; lastKnownFileType = sourcecode.swift; path = OLNavigationBar.swift; sourceTree = "<group>"; };
		2C6DB3721DBE8A5C00193E12 /* OLScrollingNavBar.swift */ = {isa = PBXFileReference; fileEncoding = 4; lastKnownFileType = sourcecode.swift; path = OLScrollingNavBar.swift; sourceTree = "<group>"; };
		2C6DB37A1DBECC8C00193E12 /* OLNavigationController.swift */ = {isa = PBXFileReference; fileEncoding = 4; lastKnownFileType = sourcecode.swift; path = OLNavigationController.swift; sourceTree = "<group>"; };
		2CDFDD231DB82A3100C032C9 /* OLScrollingNavBar.app */ = {isa = PBXFileReference; explicitFileType = wrapper.application; includeInIndex = 0; path = OLScrollingNavBar.app; sourceTree = BUILT_PRODUCTS_DIR; };
/* End PBXFileReference section */

/* Begin PBXFrameworksBuildPhase section */
		2CDFDD201DB82A3000C032C9 /* Frameworks */ = {
			isa = PBXFrameworksBuildPhase;
			buildActionMask = 2147483647;
			files = (
			);
			runOnlyForDeploymentPostprocessing = 0;
		};
/* End PBXFrameworksBuildPhase section */

/* Begin PBXGroup section */
		2C6DB3691DBE8A5C00193E12 /* App */ = {
			isa = PBXGroup;
			children = (
				2C6DB36A1DBE8A5C00193E12 /* AppDelegate.swift */,
				2C6DB36B1DBE8A5C00193E12 /* Assets.xcassets */,
				2C6DB36C1DBE8A5C00193E12 /* LaunchScreen.storyboard */,
				2C6DB36E1DBE8A5C00193E12 /* Main.storyboard */,
				2C6DB3701DBE8A5C00193E12 /* Info.plist */,
				2C6DB3711DBE8A5C00193E12 /* OLNavigationBar.swift */,
				2C6DB3721DBE8A5C00193E12 /* OLScrollingNavBar.swift */,
				2C6DB37A1DBECC8C00193E12 /* OLNavigationController.swift */,
			);
			path = App;
			sourceTree = "<group>";
		};
		2CDFDD1A1DB82A3000C032C9 = {
			isa = PBXGroup;
			children = (
				2C6DB3691DBE8A5C00193E12 /* App */,
				2CDFDD241DB82A3100C032C9 /* Products */,
			);
			sourceTree = "<group>";
		};
		2CDFDD241DB82A3100C032C9 /* Products */ = {
			isa = PBXGroup;
			children = (
				2CDFDD231DB82A3100C032C9 /* OLScrollingNavBar.app */,
			);
			name = Products;
			sourceTree = "<group>";
		};
/* End PBXGroup section */

/* Begin PBXNativeTarget section */
		2CDFDD221DB82A3000C032C9 /* OLScrollingNavBar */ = {
			isa = PBXNativeTarget;
			buildConfigurationList = 2CDFDD371DB82A3100C032C9 /* Build configuration list for PBXNativeTarget "OLScrollingNavBar" */;
			buildPhases = (
				2CDFDD1F1DB82A3000C032C9 /* Sources */,
				2CDFDD201DB82A3000C032C9 /* Frameworks */,
				2CDFDD211DB82A3000C032C9 /* Resources */,
			);
			buildRules = (
			);
			dependencies = (
			);
			name = OLScrollingNavBar;
			productName = "Navigation Controller";
			productReference = 2CDFDD231DB82A3100C032C9 /* OLScrollingNavBar.app */;
			productType = "com.apple.product-type.application";
		};
/* End PBXNativeTarget section */

/* Begin PBXProject section */
		2CDFDD1B1DB82A3000C032C9 /* Project object */ = {
			isa = PBXProject;
			attributes = {
				LastSwiftUpdateCheck = 0810;
				LastUpgradeCheck = 0810;
				ORGANIZATIONNAME = "Goldstar Events, Inc.";
				TargetAttributes = {
					2CDFDD221DB82A3000C032C9 = {
						CreatedOnToolsVersion = 8.1;
						DevelopmentTeam = MFNBP9XWP9;
						ProvisioningStyle = Automatic;
					};
				};
			};
			buildConfigurationList = 2CDFDD1E1DB82A3000C032C9 /* Build configuration list for PBXProject "OLScrollingNavBar" */;
			compatibilityVersion = "Xcode 3.2";
			developmentRegion = English;
			hasScannedForEncodings = 0;
			knownRegions = (
				en,
				Base,
			);
			mainGroup = 2CDFDD1A1DB82A3000C032C9;
			productRefGroup = 2CDFDD241DB82A3100C032C9 /* Products */;
			projectDirPath = "";
			projectRoot = "";
			targets = (
				2CDFDD221DB82A3000C032C9 /* OLScrollingNavBar */,
			);
		};
/* End PBXProject section */

/* Begin PBXResourcesBuildPhase section */
		2CDFDD211DB82A3000C032C9 /* Resources */ = {
			isa = PBXResourcesBuildPhase;
			buildActionMask = 2147483647;
			files = (
				2C6DB3771DBE8A5C00193E12 /* Info.plist in Resources */,
				2C6DB3761DBE8A5C00193E12 /* Main.storyboard in Resources */,
				2C6DB3741DBE8A5C00193E12 /* Assets.xcassets in Resources */,
				2C6DB3751DBE8A5C00193E12 /* LaunchScreen.storyboard in Resources */,
			);
			runOnlyForDeploymentPostprocessing = 0;
		};
/* End PBXResourcesBuildPhase section */

/* Begin PBXSourcesBuildPhase section */
		2CDFDD1F1DB82A3000C032C9 /* Sources */ = {
			isa = PBXSourcesBuildPhase;
			buildActionMask = 2147483647;
			files = (
				2C6DB3791DBE8A5C00193E12 /* OLScrollingNavBar.swift in Sources */,
				2C6DB3781DBE8A5C00193E12 /* OLNavigationBar.swift in Sources */,
				2C6DB37B1DBECC8C00193E12 /* OLNavigationController.swift in Sources */,
				2C6DB3731DBE8A5C00193E12 /* AppDelegate.swift in Sources */,
			);
			runOnlyForDeploymentPostprocessing = 0;
		};
/* End PBXSourcesBuildPhase section */

/* Begin PBXVariantGroup section */
		2C6DB36C1DBE8A5C00193E12 /* LaunchScreen.storyboard */ = {
			isa = PBXVariantGroup;
			children = (
				2C6DB36D1DBE8A5C00193E12 /* Base */,
			);
			name = LaunchScreen.storyboard;
			sourceTree = "<group>";
		};
		2C6DB36E1DBE8A5C00193E12 /* Main.storyboard */ = {
			isa = PBXVariantGroup;
			children = (
				2C6DB36F1DBE8A5C00193E12 /* Base */,
			);
			name = Main.storyboard;
			sourceTree = "<group>";
		};
/* End PBXVariantGroup section */

/* Begin XCBuildConfiguration section */
		2CDFDD351DB82A3100C032C9 /* Debug */ = {
			isa = XCBuildConfiguration;
			buildSettings = {
				ALWAYS_SEARCH_USER_PATHS = NO;
				CLANG_ANALYZER_NONNULL = YES;
				CLANG_CXX_LANGUAGE_STANDARD = "gnu++0x";
				CLANG_CXX_LIBRARY = "libc++";
				CLANG_ENABLE_MODULES = YES;
				CLANG_ENABLE_OBJC_ARC = YES;
				CLANG_WARN_BOOL_CONVERSION = YES;
				CLANG_WARN_CONSTANT_CONVERSION = YES;
				CLANG_WARN_DIRECT_OBJC_ISA_USAGE = YES_ERROR;
				CLANG_WARN_DOCUMENTATION_COMMENTS = YES;
				CLANG_WARN_EMPTY_BODY = YES;
				CLANG_WARN_ENUM_CONVERSION = YES;
				CLANG_WARN_INFINITE_RECURSION = YES;
				CLANG_WARN_INT_CONVERSION = YES;
				CLANG_WARN_OBJC_ROOT_CLASS = YES_ERROR;
				CLANG_WARN_SUSPICIOUS_MOVES = YES;
				CLANG_WARN_UNREACHABLE_CODE = YES;
				CLANG_WARN__DUPLICATE_METHOD_MATCH = YES;
				"CODE_SIGN_IDENTITY[sdk=iphoneos*]" = "iPhone Developer";
				COPY_PHASE_STRIP = NO;
				DEBUG_INFORMATION_FORMAT = dwarf;
				ENABLE_STRICT_OBJC_MSGSEND = YES;
				ENABLE_TESTABILITY = YES;
				GCC_C_LANGUAGE_STANDARD = gnu99;
				GCC_DYNAMIC_NO_PIC = NO;
				GCC_NO_COMMON_BLOCKS = YES;
				GCC_OPTIMIZATION_LEVEL = 0;
				GCC_PREPROCESSOR_DEFINITIONS = (
					"DEBUG=1",
					"$(inherited)",
				);
				GCC_WARN_64_TO_32_BIT_CONVERSION = YES;
				GCC_WARN_ABOUT_RETURN_TYPE = YES_ERROR;
				GCC_WARN_UNDECLARED_SELECTOR = YES;
				GCC_WARN_UNINITIALIZED_AUTOS = YES_AGGRESSIVE;
				GCC_WARN_UNUSED_FUNCTION = YES;
				GCC_WARN_UNUSED_VARIABLE = YES;
				IPHONEOS_DEPLOYMENT_TARGET = 10.1;
				MTL_ENABLE_DEBUG_INFO = YES;
				ONLY_ACTIVE_ARCH = YES;
				SDKROOT = iphoneos;
				SWIFT_ACTIVE_COMPILATION_CONDITIONS = DEBUG;
				SWIFT_OPTIMIZATION_LEVEL = "-Onone";
			};
			name = Debug;
		};
		2CDFDD361DB82A3100C032C9 /* Release */ = {
			isa = XCBuildConfiguration;
			buildSettings = {
				ALWAYS_SEARCH_USER_PATHS = NO;
				CLANG_ANALYZER_NONNULL = YES;
				CLANG_CXX_LANGUAGE_STANDARD = "gnu++0x";
				CLANG_CXX_LIBRARY = "libc++";
				CLANG_ENABLE_MODULES = YES;
				CLANG_ENABLE_OBJC_ARC = YES;
				CLANG_WARN_BOOL_CONVERSION = YES;
				CLANG_WARN_CONSTANT_CONVERSION = YES;
				CLANG_WARN_DIRECT_OBJC_ISA_USAGE = YES_ERROR;
				CLANG_WARN_DOCUMENTATION_COMMENTS = YES;
				CLANG_WARN_EMPTY_BODY = YES;
				CLANG_WARN_ENUM_CONVERSION = YES;
				CLANG_WARN_INFINITE_RECURSION = YES;
				CLANG_WARN_INT_CONVERSION = YES;
				CLANG_WARN_OBJC_ROOT_CLASS = YES_ERROR;
				CLANG_WARN_SUSPICIOUS_MOVES = YES;
				CLANG_WARN_UNREACHABLE_CODE = YES;
				CLANG_WARN__DUPLICATE_METHOD_MATCH = YES;
				"CODE_SIGN_IDENTITY[sdk=iphoneos*]" = "iPhone Developer";
				COPY_PHASE_STRIP = NO;
				DEBUG_INFORMATION_FORMAT = "dwarf-with-dsym";
				ENABLE_NS_ASSERTIONS = NO;
				ENABLE_STRICT_OBJC_MSGSEND = YES;
				GCC_C_LANGUAGE_STANDARD = gnu99;
				GCC_NO_COMMON_BLOCKS = YES;
				GCC_WARN_64_TO_32_BIT_CONVERSION = YES;
				GCC_WARN_ABOUT_RETURN_TYPE = YES_ERROR;
				GCC_WARN_UNDECLARED_SELECTOR = YES;
				GCC_WARN_UNINITIALIZED_AUTOS = YES_AGGRESSIVE;
				GCC_WARN_UNUSED_FUNCTION = YES;
				GCC_WARN_UNUSED_VARIABLE = YES;
				IPHONEOS_DEPLOYMENT_TARGET = 10.1;
				MTL_ENABLE_DEBUG_INFO = NO;
				SDKROOT = iphoneos;
				SWIFT_OPTIMIZATION_LEVEL = "-Owholemodule";
				VALIDATE_PRODUCT = YES;
			};
			name = Release;
		};
		2CDFDD381DB82A3100C032C9 /* Debug */ = {
			isa = XCBuildConfiguration;
			buildSettings = {
				ASSETCATALOG_COMPILER_APPICON_NAME = AppIcon;
				DEVELOPMENT_TEAM = MFNBP9XWP9;
				INFOPLIST_FILE = App/Info.plist;
				LD_RUNPATH_SEARCH_PATHS = "$(inherited) @executable_path/Frameworks";
				PRODUCT_BUNDLE_IDENTIFIER = "OL.Navigation-Controller";
				PRODUCT_NAME = "$(TARGET_NAME)";
				SWIFT_VERSION = 3.0;
				TARGETED_DEVICE_FAMILY = "1,2";
			};
			name = Debug;
		};
		2CDFDD391DB82A3100C032C9 /* Release */ = {
			isa = XCBuildConfiguration;
			buildSettings = {
				ASSETCATALOG_COMPILER_APPICON_NAME = AppIcon;
				DEVELOPMENT_TEAM = MFNBP9XWP9;
				INFOPLIST_FILE = App/Info.plist;
				LD_RUNPATH_SEARCH_PATHS = "$(inherited) @executable_path/Frameworks";
				PRODUCT_BUNDLE_IDENTIFIER = "OL.Navigation-Controller";
				PRODUCT_NAME = "$(TARGET_NAME)";
				SWIFT_VERSION = 3.0;
				TARGETED_DEVICE_FAMILY = "1,2";
			};
			name = Release;
		};
/* End XCBuildConfiguration section */

/* Begin XCConfigurationList section */
		2CDFDD1E1DB82A3000C032C9 /* Build configuration list for PBXProject "OLScrollingNavBar" */ = {
			isa = XCConfigurationList;
			buildConfigurations = (
				2CDFDD351DB82A3100C032C9 /* Debug */,
				2CDFDD361DB82A3100C032C9 /* Release */,
			);
			defaultConfigurationIsVisible = 0;
			defaultConfigurationName = Release;
		};
		2CDFDD371DB82A3100C032C9 /* Build configuration list for PBXNativeTarget "OLScrollingNavBar" */ = {
			isa = XCConfigurationList;
			buildConfigurations = (
				2CDFDD381DB82A3100C032C9 /* Debug */,
				2CDFDD391DB82A3100C032C9 /* Release */,
			);
			defaultConfigurationIsVisible = 0;
			defaultConfigurationName = Release;
		};
/* End XCConfigurationList section */
	};
	rootObject = 2CDFDD1B1DB82A3000C032C9 /* Project object */;
}
